{
  "version": 4,
  "terraform_version": "0.13.1",
  "serial": 56,
  "lineage": "4d85a047-89ff-29a0-1b11-3fbd29c8bebe",
  "outputs": {
    "config_map_aws_auth": {
      "value": "\r\n\r\napiVersion: v1\r\nkind: ConfigMap\r\nmetadata:\r\n  name: aws-auth\r\n  namespace: kube-system\r\ndata:\r\n  mapRoles: |\r\n    - rolearn: arn:aws:iam::795509366146:role/terraform-eks-main-node\r\n      username: system:node:{{EC2PrivateDNSName}}\r\n      groups:\r\n        - system:bootstrappers\r\n        - system:nodes\r\n",
      "type": "string"
    },
    "kubeconfig": {
      "value": "\r\n\r\napiVersion: v1\r\nclusters:\r\n- cluster:\r\n    server: https://8D8A5871FEA816FF9C809B65CE77C13D.gr7.ap-southeast-1.eks.amazonaws.com\r\n    certificate-authority-data: LS0tLS1CRUdJTiBDRVJUSUZJQ0FURS0tLS0tCk1JSUN5RENDQWJDZ0F3SUJBZ0lCQURBTkJna3Foa2lHOXcwQkFRc0ZBREFWTVJNd0VRWURWUVFERXdwcmRXSmwKY201bGRHVnpNQjRYRFRJd01Ea3dOakE0TURVeU4xb1hEVE13TURrd05EQTRNRFV5TjFvd0ZURVRNQkVHQTFVRQpBeE1LYTNWaVpYSnVaWFJsY3pDQ0FTSXdEUVlKS29aSWh2Y05BUUVCQlFBRGdnRVBBRENDQVFvQ2dnRUJBTEliCmlIQWdEV0ZCMHVKaEFYRk5LRTc0ckpMUVdXNi9TSEgrUW9sRVFFQlkvZ01sbS9ITWV4ajlJZ1owd2Z2eFp5WXMKUlRrUXJVS3JzVmEwYmNTck80ZCtIaldCWU50U3pzbG43NnRTV3cxcXgxemRmZmIxbW0zT2hUQTFLMGhjSTBPeAplZHUrVzViMzZsa0t1ODc5b2hoUS90TFRxQVdUUXIxQWp4SHdUVlFlZERxK3NHMFg3VWZpb1hmSnR4UWVjbUpjCldHVk16RUEwS3hPaXV0VjB3YTVIaldvT3hSMlJZR2lZeGJtZDhScDY4TEdxT0Ixc241Y3FYUnF4RVhNZDZGdHAKanJtcHhYNXJRWDNEdTR3S3R3SG1QWjU1bVdGSUFSbVJwZTduWU1rQzJpS1dOR2o3WXJJVDRnMEdxNFVYbXZHTQpNQ3l4MmlZdXFyZHB6MWdtVXRNQ0F3RUFBYU1qTUNFd0RnWURWUjBQQVFIL0JBUURBZ0trTUE4R0ExVWRFd0VCCi93UUZNQU1CQWY4d0RRWUpLb1pJaHZjTkFRRUxCUUFEZ2dFQkFLMUZKc3k3b3dxRmgvOURjVVVxaXpUSjhMSkcKYUJBaFM2d3hTZjNjZjBkbVlaZTRud1p4RzJubnRwRUh3OXlNQVpsSmZCQlQ4eEJXSlFYTXJYa0FSQWppK0o1dAprOGlXVWlxREZZVjBqdk1JOThuekNTSmtnYkRwVnVjMGNndWxxNXU3SjN6UTBKTUpibjNydkxTY2NCaHBmQU82CmZyMjVLTzQzTGdhMGNsNUpRS2I5L2pBb2ZoZzJESnR5cjRUUWFhVkRIWEZ5MXlMMFlMcUtjTjZvdUZSZzE2OE0KejdQcG5nTGJWYjV5ajE5TlAwYkdDcTlyWGNCTW5XcmJ6YmNQVUVIaDFLS1dhNHptQng3LzVvYzBqdmhIRkMwSQpHSTFSNHY4aHRTTDFHdVZQVXR1S2M3R09UTVhodVU0bjVzVllUamVNd013clVPUXFQdXRGUEkxRzgxbz0KLS0tLS1FTkQgQ0VSVElGSUNBVEUtLS0tLQo=\r\n  name: kubernetes\r\ncontexts:\r\n- context:\r\n    cluster: kubernetes\r\n    user: aws\r\n  name: aws\r\ncurrent-context: aws\r\nkind: Config\r\npreferences: {}\r\nusers:\r\n- name: aws\r\n  user:\r\n    exec:\r\n      apiVersion: client.authentication.k8s.io/v1alpha1\r\n      command: aws-iam-authenticator\r\n      args:\r\n        - \"token\"\r\n        - \"-i\"\r\n        - \"terraform-eks\"\r\n",
      "type": "string"
    }
  },
  "resources": [
    {
      "mode": "data",
      "type": "aws_availability_zones",
      "name": "available",
      "provider": "provider[\"registry.terraform.io/hashicorp/aws\"]",
      "instances": [
        {
          "schema_version": 0,
          "attributes": {
            "all_availability_zones": null,
            "exclude_names": null,
            "exclude_zone_ids": null,
            "filter": null,
            "group_names": [
              "ap-southeast-1"
            ],
            "id": "2020-09-06 07:57:41.3481235 +0000 UTC",
            "names": [
              "ap-southeast-1a",
              "ap-southeast-1b",
              "ap-southeast-1c"
            ],
            "state": null,
            "zone_ids": [
              "apse1-az1",
              "apse1-az2",
              "apse1-az3"
            ]
          }
        }
      ]
    },
    {
      "mode": "data",
      "type": "http",
      "name": "workstation-external-ip",
      "provider": "provider[\"registry.terraform.io/hashicorp/http\"]",
      "instances": [
        {
          "schema_version": 0,
          "attributes": {
            "body": "218.212.243.66\n",
            "id": "2020-09-06 07:57:39.7746204 +0000 UTC",
            "request_headers": null,
            "response_headers": {
              "Access-Control-Allow-Methods": "GET",
              "Access-Control-Allow-Origin": "*",
              "Content-Length": "15",
              "Content-Type": "text/plain; charset=UTF-8",
              "Date": "Sun, 06 Sep 2020 07:57:45 GMT",
              "Server": "nginx",
              "X-Donation": "This site is expensive to run. You can donate BTC to 3LSp89k9qnMJBpV7AUNF3M2Eo1vatpkYpm",
              "X-Duck": "🦆",
              "X-Node": "icanhazip-iad-1",
              "X-Rtfm": "Learn about this site at http://bit.ly/icanhazip-faq and do not abuse the service."
            },
            "url": "http://ipv4.icanhazip.com"
          }
        }
      ]
    },
    {
      "mode": "managed",
      "type": "aws_eks_cluster",
      "name": "main",
      "provider": "provider[\"registry.terraform.io/hashicorp/aws\"]",
      "instances": [
        {
          "schema_version": 0,
          "attributes": {
            "arn": "arn:aws:eks:ap-southeast-1:795509366146:cluster/terraform-eks",
            "certificate_authority": [
              {
                "data": "LS0tLS1CRUdJTiBDRVJUSUZJQ0FURS0tLS0tCk1JSUN5RENDQWJDZ0F3SUJBZ0lCQURBTkJna3Foa2lHOXcwQkFRc0ZBREFWTVJNd0VRWURWUVFERXdwcmRXSmwKY201bGRHVnpNQjRYRFRJd01Ea3dOakE0TURVeU4xb1hEVE13TURrd05EQTRNRFV5TjFvd0ZURVRNQkVHQTFVRQpBeE1LYTNWaVpYSnVaWFJsY3pDQ0FTSXdEUVlKS29aSWh2Y05BUUVCQlFBRGdnRVBBRENDQVFvQ2dnRUJBTEliCmlIQWdEV0ZCMHVKaEFYRk5LRTc0ckpMUVdXNi9TSEgrUW9sRVFFQlkvZ01sbS9ITWV4ajlJZ1owd2Z2eFp5WXMKUlRrUXJVS3JzVmEwYmNTck80ZCtIaldCWU50U3pzbG43NnRTV3cxcXgxemRmZmIxbW0zT2hUQTFLMGhjSTBPeAplZHUrVzViMzZsa0t1ODc5b2hoUS90TFRxQVdUUXIxQWp4SHdUVlFlZERxK3NHMFg3VWZpb1hmSnR4UWVjbUpjCldHVk16RUEwS3hPaXV0VjB3YTVIaldvT3hSMlJZR2lZeGJtZDhScDY4TEdxT0Ixc241Y3FYUnF4RVhNZDZGdHAKanJtcHhYNXJRWDNEdTR3S3R3SG1QWjU1bVdGSUFSbVJwZTduWU1rQzJpS1dOR2o3WXJJVDRnMEdxNFVYbXZHTQpNQ3l4MmlZdXFyZHB6MWdtVXRNQ0F3RUFBYU1qTUNFd0RnWURWUjBQQVFIL0JBUURBZ0trTUE4R0ExVWRFd0VCCi93UUZNQU1CQWY4d0RRWUpLb1pJaHZjTkFRRUxCUUFEZ2dFQkFLMUZKc3k3b3dxRmgvOURjVVVxaXpUSjhMSkcKYUJBaFM2d3hTZjNjZjBkbVlaZTRud1p4RzJubnRwRUh3OXlNQVpsSmZCQlQ4eEJXSlFYTXJYa0FSQWppK0o1dAprOGlXVWlxREZZVjBqdk1JOThuekNTSmtnYkRwVnVjMGNndWxxNXU3SjN6UTBKTUpibjNydkxTY2NCaHBmQU82CmZyMjVLTzQzTGdhMGNsNUpRS2I5L2pBb2ZoZzJESnR5cjRUUWFhVkRIWEZ5MXlMMFlMcUtjTjZvdUZSZzE2OE0KejdQcG5nTGJWYjV5ajE5TlAwYkdDcTlyWGNCTW5XcmJ6YmNQVUVIaDFLS1dhNHptQng3LzVvYzBqdmhIRkMwSQpHSTFSNHY4aHRTTDFHdVZQVXR1S2M3R09UTVhodVU0bjVzVllUamVNd013clVPUXFQdXRGUEkxRzgxbz0KLS0tLS1FTkQgQ0VSVElGSUNBVEUtLS0tLQo="
              }
            ],
            "created_at": "2020-09-06 07:58:01.281 +0000 UTC",
            "enabled_cluster_log_types": null,
            "encryption_config": [],
            "endpoint": "https://8D8A5871FEA816FF9C809B65CE77C13D.gr7.ap-southeast-1.eks.amazonaws.com",
            "id": "terraform-eks",
            "identity": [
              {
                "oidc": [
                  {
                    "issuer": "https://oidc.eks.ap-southeast-1.amazonaws.com/id/8D8A5871FEA816FF9C809B65CE77C13D"
                  }
                ]
              }
            ],
            "name": "terraform-eks",
            "platform_version": "eks.3",
            "role_arn": "arn:aws:iam::795509366146:role/terraform-eks-main-cluster",
            "status": "ACTIVE",
            "tags": null,
            "timeouts": null,
            "version": "1.17",
            "vpc_config": [
              {
                "cluster_security_group_id": "sg-0c9d25d7656533d07",
                "endpoint_private_access": false,
                "endpoint_public_access": true,
                "public_access_cidrs": [
                  "0.0.0.0/0"
                ],
                "security_group_ids": [
                  "sg-0b93c5a7a592e071d"
                ],
                "subnet_ids": [
                  "subnet-0953d42caa89579ca",
                  "subnet-0fe1e939194be32d8"
                ],
                "vpc_id": "vpc-036591940e164b5c9"
              }
            ]
          },
          "private": "eyJlMmJmYjczMC1lY2FhLTExZTYtOGY4OC0zNDM2M2JjN2M0YzAiOnsiY3JlYXRlIjoxODAwMDAwMDAwMDAwLCJkZWxldGUiOjkwMDAwMDAwMDAwMCwidXBkYXRlIjozNjAwMDAwMDAwMDAwfX0=",
          "dependencies": [
            "aws_iam_role.main-cluster",
            "aws_iam_role_policy_attachment.main-cluster-AmazonEKSClusterPolicy",
            "aws_security_group.main-cluster",
            "aws_subnet.main",
            "aws_vpc.main",
            "data.aws_availability_zones.available"
          ]
        }
      ]
    },
    {
      "mode": "managed",
      "type": "aws_eks_node_group",
      "name": "main",
      "provider": "provider[\"registry.terraform.io/hashicorp/aws\"]",
      "instances": [
        {
          "schema_version": 0,
          "attributes": {
            "ami_type": "AL2_x86_64",
            "arn": "arn:aws:eks:ap-southeast-1:795509366146:nodegroup/terraform-eks/main/88ba313a-d46c-463f-9b0b-cece1d3df729",
            "cluster_name": "terraform-eks",
            "disk_size": 20,
            "force_update_version": null,
            "id": "terraform-eks:main",
            "instance_types": [
              "t2.small"
            ],
            "labels": null,
            "launch_template": [],
            "node_group_name": "main",
            "node_role_arn": "arn:aws:iam::795509366146:role/terraform-eks-main-node",
            "release_version": "1.17.9-20200904",
            "remote_access": [],
            "resources": [
              {
                "autoscaling_groups": [
                  {
                    "name": "eks-88ba313a-d46c-463f-9b0b-cece1d3df729"
                  }
                ],
                "remote_access_security_group_id": ""
              }
            ],
            "scaling_config": [
              {
                "desired_size": 1,
                "max_size": 3,
                "min_size": 1
              }
            ],
            "status": "ACTIVE",
            "subnet_ids": [
              "subnet-0953d42caa89579ca",
              "subnet-0fe1e939194be32d8"
            ],
            "tags": null,
            "timeouts": null,
            "version": "1.17"
          },
          "private": "eyJlMmJmYjczMC1lY2FhLTExZTYtOGY4OC0zNDM2M2JjN2M0YzAiOnsiY3JlYXRlIjozNjAwMDAwMDAwMDAwLCJkZWxldGUiOjM2MDAwMDAwMDAwMDAsInVwZGF0ZSI6MzYwMDAwMDAwMDAwMH19",
          "dependencies": [
            "aws_eks_cluster.main",
            "aws_iam_role.main-cluster",
            "aws_iam_role.main-node",
            "aws_iam_role_policy_attachment.main-cluster-AmazonEKSClusterPolicy",
            "aws_iam_role_policy_attachment.main-node-AmazonEC2ContainerRegistryReadOnly",
            "aws_iam_role_policy_attachment.main-node-AmazonEKSWorkerNodePolicy",
            "aws_iam_role_policy_attachment.main-node-AmazonEKS_CNI_Policy",
            "aws_security_group.main-cluster",
            "aws_subnet.main",
            "aws_vpc.main",
            "data.aws_availability_zones.available"
          ]
        }
      ]
    },
    {
      "mode": "managed",
      "type": "aws_iam_role",
      "name": "main-cluster",
      "provider": "provider[\"registry.terraform.io/hashicorp/aws\"]",
      "instances": [
        {
          "schema_version": 0,
          "attributes": {
            "arn": "arn:aws:iam::795509366146:role/terraform-eks-main-cluster",
            "assume_role_policy": "{\"Version\":\"2012-10-17\",\"Statement\":[{\"Effect\":\"Allow\",\"Principal\":{\"Service\":\"eks.amazonaws.com\"},\"Action\":\"sts:AssumeRole\"}]}",
            "create_date": "2020-09-06T07:57:55Z",
            "description": "",
            "force_detach_policies": false,
            "id": "terraform-eks-main-cluster",
            "max_session_duration": 3600,
            "name": "terraform-eks-main-cluster",
            "name_prefix": null,
            "path": "/",
            "permissions_boundary": null,
            "tags": null,
            "unique_id": "AROA3SOANTWBCPZ4N7EQQ"
          },
          "private": "bnVsbA=="
        }
      ]
    },
    {
      "mode": "managed",
      "type": "aws_iam_role",
      "name": "main-node",
      "provider": "provider[\"registry.terraform.io/hashicorp/aws\"]",
      "instances": [
        {
          "schema_version": 0,
          "attributes": {
            "arn": "arn:aws:iam::795509366146:role/terraform-eks-main-node",
            "assume_role_policy": "{\"Version\":\"2012-10-17\",\"Statement\":[{\"Effect\":\"Allow\",\"Principal\":{\"Service\":\"ec2.amazonaws.com\"},\"Action\":\"sts:AssumeRole\"}]}",
            "create_date": "2020-09-06T07:57:55Z",
            "description": "",
            "force_detach_policies": false,
            "id": "terraform-eks-main-node",
            "max_session_duration": 3600,
            "name": "terraform-eks-main-node",
            "name_prefix": null,
            "path": "/",
            "permissions_boundary": null,
            "tags": null,
            "unique_id": "AROA3SOANTWBNMDJC5GQZ"
          },
          "private": "bnVsbA=="
        }
      ]
    },
    {
      "mode": "managed",
      "type": "aws_iam_role_policy_attachment",
      "name": "main-cluster-AmazonEKSClusterPolicy",
      "provider": "provider[\"registry.terraform.io/hashicorp/aws\"]",
      "instances": [
        {
          "schema_version": 0,
          "attributes": {
            "id": "terraform-eks-main-cluster-20200906075751550300000004",
            "policy_arn": "arn:aws:iam::aws:policy/AmazonEKSClusterPolicy",
            "role": "terraform-eks-main-cluster"
          },
          "private": "bnVsbA==",
          "dependencies": [
            "aws_iam_role.main-cluster"
          ]
        }
      ]
    },
    {
      "mode": "managed",
      "type": "aws_iam_role_policy_attachment",
      "name": "main-node-AmazonEC2ContainerRegistryReadOnly",
      "provider": "provider[\"registry.terraform.io/hashicorp/aws\"]",
      "instances": [
        {
          "schema_version": 0,
          "attributes": {
            "id": "terraform-eks-main-node-20200906075751441700000002",
            "policy_arn": "arn:aws:iam::aws:policy/AmazonEC2ContainerRegistryReadOnly",
            "role": "terraform-eks-main-node"
          },
          "private": "bnVsbA==",
          "dependencies": [
            "aws_iam_role.main-node"
          ]
        }
      ]
    },
    {
      "mode": "managed",
      "type": "aws_iam_role_policy_attachment",
      "name": "main-node-AmazonEKSWorkerNodePolicy",
      "provider": "provider[\"registry.terraform.io/hashicorp/aws\"]",
      "instances": [
        {
          "schema_version": 0,
          "attributes": {
            "id": "terraform-eks-main-node-20200906075751520700000003",
            "policy_arn": "arn:aws:iam::aws:policy/AmazonEKSWorkerNodePolicy",
            "role": "terraform-eks-main-node"
          },
          "private": "bnVsbA==",
          "dependencies": [
            "aws_iam_role.main-node"
          ]
        }
      ]
    },
    {
      "mode": "managed",
      "type": "aws_iam_role_policy_attachment",
      "name": "main-node-AmazonEKS_CNI_Policy",
      "provider": "provider[\"registry.terraform.io/hashicorp/aws\"]",
      "instances": [
        {
          "schema_version": 0,
          "attributes": {
            "id": "terraform-eks-main-node-20200906075751403700000001",
            "policy_arn": "arn:aws:iam::aws:policy/AmazonEKS_CNI_Policy",
            "role": "terraform-eks-main-node"
          },
          "private": "bnVsbA==",
          "dependencies": [
            "aws_iam_role.main-node"
          ]
        }
      ]
    },
    {
      "mode": "managed",
      "type": "aws_internet_gateway",
      "name": "main",
      "provider": "provider[\"registry.terraform.io/hashicorp/aws\"]",
      "instances": [
        {
          "schema_version": 0,
          "attributes": {
            "arn": "arn:aws:ec2:ap-southeast-1:795509366146:internet-gateway/igw-0978ee7d2342dfb8d",
            "id": "igw-0978ee7d2342dfb8d",
            "owner_id": "795509366146",
            "tags": {
              "Name": "terraform-eks-main"
            },
            "vpc_id": "vpc-036591940e164b5c9"
          },
          "private": "bnVsbA==",
          "dependencies": [
            "aws_vpc.main"
          ]
        }
      ]
    },
    {
      "mode": "managed",
      "type": "aws_route_table",
      "name": "main",
      "provider": "provider[\"registry.terraform.io/hashicorp/aws\"]",
      "instances": [
        {
          "schema_version": 0,
          "attributes": {
            "id": "rtb-0cc238e75dae1dedf",
            "owner_id": "795509366146",
            "propagating_vgws": [],
            "route": [
              {
                "cidr_block": "0.0.0.0/0",
                "egress_only_gateway_id": "",
                "gateway_id": "igw-0978ee7d2342dfb8d",
                "instance_id": "",
                "ipv6_cidr_block": "",
                "local_gateway_id": "",
                "nat_gateway_id": "",
                "network_interface_id": "",
                "transit_gateway_id": "",
                "vpc_peering_connection_id": ""
              }
            ],
            "tags": null,
            "vpc_id": "vpc-036591940e164b5c9"
          },
          "private": "bnVsbA==",
          "dependencies": [
            "aws_internet_gateway.main",
            "aws_vpc.main"
          ]
        }
      ]
    },
    {
      "mode": "managed",
      "type": "aws_route_table_association",
      "name": "main",
      "provider": "provider[\"registry.terraform.io/hashicorp/aws\"]",
      "instances": [
        {
          "index_key": 0,
          "schema_version": 0,
          "attributes": {
            "gateway_id": null,
            "id": "rtbassoc-0592d62b1bd53b084",
            "route_table_id": "rtb-0cc238e75dae1dedf",
            "subnet_id": "subnet-0953d42caa89579ca"
          },
          "private": "bnVsbA==",
          "dependencies": [
            "aws_internet_gateway.main",
            "aws_route_table.main",
            "aws_subnet.main",
            "aws_vpc.main",
            "data.aws_availability_zones.available"
          ]
        },
        {
          "index_key": 1,
          "schema_version": 0,
          "attributes": {
            "gateway_id": null,
            "id": "rtbassoc-089c727737a72a843",
            "route_table_id": "rtb-0cc238e75dae1dedf",
            "subnet_id": "subnet-0fe1e939194be32d8"
          },
          "private": "bnVsbA==",
          "dependencies": [
            "aws_internet_gateway.main",
            "aws_route_table.main",
            "aws_subnet.main",
            "aws_vpc.main",
            "data.aws_availability_zones.available"
          ]
        }
      ]
    },
    {
      "mode": "managed",
      "type": "aws_security_group",
      "name": "main-cluster",
      "provider": "provider[\"registry.terraform.io/hashicorp/aws\"]",
      "instances": [
        {
          "schema_version": 1,
          "attributes": {
            "arn": "arn:aws:ec2:ap-southeast-1:795509366146:security-group/sg-0b93c5a7a592e071d",
            "description": "Cluster communication with worker nodes",
            "egress": [
              {
                "cidr_blocks": [
                  "0.0.0.0/0"
                ],
                "description": "",
                "from_port": 0,
                "ipv6_cidr_blocks": [],
                "prefix_list_ids": [],
                "protocol": "-1",
                "security_groups": [],
                "self": false,
                "to_port": 0
              }
            ],
            "id": "sg-0b93c5a7a592e071d",
            "ingress": [],
            "name": "terraform-eks-main-cluster",
            "name_prefix": "",
            "owner_id": "795509366146",
            "revoke_rules_on_delete": false,
            "tags": {
              "Name": "terraform-eks-main"
            },
            "timeouts": null,
            "vpc_id": "vpc-036591940e164b5c9"
          },
          "private": "eyJlMmJmYjczMC1lY2FhLTExZTYtOGY4OC0zNDM2M2JjN2M0YzAiOnsiY3JlYXRlIjo2MDAwMDAwMDAwMDAsImRlbGV0ZSI6NjAwMDAwMDAwMDAwfSwic2NoZW1hX3ZlcnNpb24iOiIxIn0=",
          "dependencies": [
            "aws_vpc.main"
          ]
        }
      ]
    },
    {
      "mode": "managed",
      "type": "aws_security_group_rule",
      "name": "main-cluster-ingress-workstation-https",
      "provider": "provider[\"registry.terraform.io/hashicorp/aws\"]",
      "instances": [
        {
          "schema_version": 2,
          "attributes": {
            "cidr_blocks": [
              "218.212.243.66/32"
            ],
            "description": "Allow workstation to communicate with the cluster API Server",
            "from_port": 443,
            "id": "sgrule-1879026870",
            "ipv6_cidr_blocks": null,
            "prefix_list_ids": null,
            "protocol": "tcp",
            "security_group_id": "sg-0b93c5a7a592e071d",
            "self": false,
            "source_security_group_id": null,
            "to_port": 443,
            "type": "ingress"
          },
          "private": "eyJzY2hlbWFfdmVyc2lvbiI6IjIifQ==",
          "dependencies": [
            "aws_security_group.main-cluster",
            "aws_vpc.main",
            "data.http.workstation-external-ip"
          ]
        }
      ]
    },
    {
      "mode": "managed",
      "type": "aws_subnet",
      "name": "main",
      "provider": "provider[\"registry.terraform.io/hashicorp/aws\"]",
      "instances": [
        {
          "index_key": 0,
          "schema_version": 1,
          "attributes": {
            "arn": "arn:aws:ec2:ap-southeast-1:795509366146:subnet/subnet-0953d42caa89579ca",
            "assign_ipv6_address_on_creation": false,
            "availability_zone": "ap-southeast-1a",
            "availability_zone_id": "apse1-az1",
            "cidr_block": "10.0.0.0/24",
            "id": "subnet-0953d42caa89579ca",
            "ipv6_cidr_block": "",
            "ipv6_cidr_block_association_id": "",
            "map_public_ip_on_launch": true,
            "outpost_arn": "",
            "owner_id": "795509366146",
            "tags": {
              "Name": "terraform-eks-main-node",
              "kubernetes.io/cluster/terraform-eks": "shared"
            },
            "timeouts": null,
            "vpc_id": "vpc-036591940e164b5c9"
          },
          "private": "eyJlMmJmYjczMC1lY2FhLTExZTYtOGY4OC0zNDM2M2JjN2M0YzAiOnsiY3JlYXRlIjo2MDAwMDAwMDAwMDAsImRlbGV0ZSI6MTIwMDAwMDAwMDAwMH0sInNjaGVtYV92ZXJzaW9uIjoiMSJ9",
          "dependencies": [
            "aws_vpc.main",
            "data.aws_availability_zones.available"
          ]
        },
        {
          "index_key": 1,
          "schema_version": 1,
          "attributes": {
            "arn": "arn:aws:ec2:ap-southeast-1:795509366146:subnet/subnet-0fe1e939194be32d8",
            "assign_ipv6_address_on_creation": false,
            "availability_zone": "ap-southeast-1b",
            "availability_zone_id": "apse1-az2",
            "cidr_block": "10.0.1.0/24",
            "id": "subnet-0fe1e939194be32d8",
            "ipv6_cidr_block": "",
            "ipv6_cidr_block_association_id": "",
            "map_public_ip_on_launch": true,
            "outpost_arn": "",
            "owner_id": "795509366146",
            "tags": {
              "Name": "terraform-eks-main-node",
              "kubernetes.io/cluster/terraform-eks": "shared"
            },
            "timeouts": null,
            "vpc_id": "vpc-036591940e164b5c9"
          },
          "private": "eyJlMmJmYjczMC1lY2FhLTExZTYtOGY4OC0zNDM2M2JjN2M0YzAiOnsiY3JlYXRlIjo2MDAwMDAwMDAwMDAsImRlbGV0ZSI6MTIwMDAwMDAwMDAwMH0sInNjaGVtYV92ZXJzaW9uIjoiMSJ9",
          "dependencies": [
            "aws_vpc.main",
            "data.aws_availability_zones.available"
          ]
        }
      ]
    },
    {
      "mode": "managed",
      "type": "aws_vpc",
      "name": "main",
      "provider": "provider[\"registry.terraform.io/hashicorp/aws\"]",
      "instances": [
        {
          "schema_version": 1,
          "attributes": {
            "arn": "arn:aws:ec2:ap-southeast-1:795509366146:vpc/vpc-036591940e164b5c9",
            "assign_generated_ipv6_cidr_block": false,
            "cidr_block": "10.0.0.0/16",
            "default_network_acl_id": "acl-0f6f41c80b97da035",
            "default_route_table_id": "rtb-026858a9ab490e4a1",
            "default_security_group_id": "sg-08d115a5e30d24fba",
            "dhcp_options_id": "dopt-47749121",
            "enable_classiclink": false,
            "enable_classiclink_dns_support": false,
            "enable_dns_hostnames": false,
            "enable_dns_support": true,
            "id": "vpc-036591940e164b5c9",
            "instance_tenancy": "default",
            "ipv6_association_id": "",
            "ipv6_cidr_block": "",
            "main_route_table_id": "rtb-026858a9ab490e4a1",
            "owner_id": "795509366146",
            "tags": {
              "Name": "terraform-eks-main-node",
              "kubernetes.io/cluster/terraform-eks": "shared"
            }
          },
          "private": "eyJzY2hlbWFfdmVyc2lvbiI6IjEifQ=="
        }
      ]
    }
  ]
}
